
Microsoft Visual Studio Solution File, Format Version 12.00
# Visual Studio 14
VisualStudioVersion = 14.0.25420.1
MinimumVisualStudioVersion = 10.0.40219.1
Project("{FAE04EC0-301F-11D3-BF4B-00C04F79EFBC}") = "Tests", "Password.Tests\Tests.csproj", "{82F75EBF-1403-4B13-90EF-199147B9D1DB}"
EndProject
Project("{FAE04EC0-301F-11D3-BF4B-00C04F79EFBC}") = "Infrastructure", "Password.Infrastructure\Infrastructure.csproj", "{24426357-2557-4F5A-83BE-DAC0A7ABF7EB}"
EndProject
Project("{FAE04EC0-301F-11D3-BF4B-00C04F79EFBC}") = "Domain", "Domain\Domain.csproj", "{62D705F0-F29F-4B55-A88A-571C70637522}"
EndProject
Project("{FAE04EC0-301F-11D3-BF4B-00C04F79EFBC}") = "Repository", "Repository\Repository.csproj", "{69E199C8-FA40-4366-9FAD-DE2AA2AA9923}"
EndProject
Project("{FAE04EC0-301F-11D3-BF4B-00C04F79EFBC}") = "Password.UI", "Password.UI\Password.UI.csproj", "{07267D80-0D3B-4169-AAB2-0E8CB68E6484}"
EndProject
Global
	GlobalSection(SolutionConfigurationPlatforms) = preSolution
		Debug|Any CPU = Debug|Any CPU
		Release|Any CPU = Release|Any CPU
	EndGlobalSection
	GlobalSection(ProjectConfigurationPlatforms) = postSolution
		{82F75EBF-1403-4B13-90EF-199147B9D1DB}.Debug|Any CPU.ActiveCfg = Debug|Any CPU
		{82F75EBF-1403-4B13-90EF-199147B9D1DB}.Debug|Any CPU.Build.0 = Debug|Any CPU
		{82F75EBF-1403-4B13-90EF-199147B9D1DB}.Release|Any CPU.ActiveCfg = Release|Any CPU
		{82F75EBF-1403-4B13-90EF-199147B9D1DB}.Release|Any CPU.Build.0 = Release|Any CPU
		{24426357-2557-4F5A-83BE-DAC0A7ABF7EB}.Debug|Any CPU.ActiveCfg = Debug|Any CPU
		{24426357-2557-4F5A-83BE-DAC0A7ABF7EB}.Debug|Any CPU.Build.0 = Debug|Any CPU
		{24426357-2557-4F5A-83BE-DAC0A7ABF7EB}.Release|Any CPU.ActiveCfg = Release|Any CPU
		{24426357-2557-4F5A-83BE-DAC0A7ABF7EB}.Release|Any CPU.Build.0 = Release|Any CPU
		{62D705F0-F29F-4B55-A88A-571C70637522}.Debug|Any CPU.ActiveCfg = Debug|Any CPU
		{62D705F0-F29F-4B55-A88A-571C70637522}.Debug|Any CPU.Build.0 = Debug|Any CPU
		{62D705F0-F29F-4B55-A88A-571C70637522}.Release|Any CPU.ActiveCfg = Release|Any CPU
		{62D705F0-F29F-4B55-A88A-571C70637522}.Release|Any CPU.Build.0 = Release|Any CPU
		{69E199C8-FA40-4366-9FAD-DE2AA2AA9923}.Debug|Any CPU.ActiveCfg = Debug|Any CPU
		{69E199C8-FA40-4366-9FAD-DE2AA2AA9923}.Debug|Any CPU.Build.0 = Debug|Any CPU
		{69E199C8-FA40-4366-9FAD-DE2AA2AA9923}.Release|Any CPU.ActiveCfg = Release|Any CPU
		{69E199C8-FA40-4366-9FAD-DE2AA2AA9923}.Release|Any CPU.Build.0 = Release|Any CPU
		{07267D80-0D3B-4169-AAB2-0E8CB68E6484}.Debug|Any CPU.ActiveCfg = Debug|Any CPU
		{07267D80-0D3B-4169-AAB2-0E8CB68E6484}.Debug|Any CPU.Build.0 = Debug|Any CPU
		{07267D80-0D3B-4169-AAB2-0E8CB68E6484}.Release|Any CPU.ActiveCfg = Release|Any CPU
		{07267D80-0D3B-4169-AAB2-0E8CB68E6484}.Release|Any CPU.Build.0 = Release|Any CPU
	EndGlobalSection
	GlobalSection(SolutionProperties) = preSolution
		HideSolutionNode = FALSE
	EndGlobalSection
EndGlobal
